
Microsoft Visual Studio Solution File, Format Version 12.00
# Visual Studio Version 17
VisualStudioVersion = 17.12.35527.113 d17.12
MinimumVisualStudioVersion = 10.0.40219.1
Project("{FAE04EC0-301F-11D3-BF4B-00C04F79EFBC}") = "BulkyBooksWeb", "BulkyBooksWeb\BulkyBooksWeb.csproj", "{4842679A-0728-4BF8-9695-10F0C9434A49}"
EndProject
Project("{FAE04EC0-301F-11D3-BF4B-00C04F79EFBC}") = "Bulky.DataAccess", "Bulky.DataAccess\Bulky.DataAccess.csproj", "{C60FAFD6-1541-477F-9272-03B0DEC20E77}"
EndProject
Project("{FAE04EC0-301F-11D3-BF4B-00C04F79EFBC}") = "Bulky.Models", "Bulky.Models\Bulky.Models.csproj", "{49E4750D-2707-48B6-AA9D-C02CB262ABFB}"
EndProject
Project("{FAE04EC0-301F-11D3-BF4B-00C04F79EFBC}") = "Bulky.Utilty", "Bulky.Utilty\Bulky.Utilty.csproj", "{38D4EA7C-8A5B-46CF-A1D1-D3AA2B845738}"
EndProject
Global
	GlobalSection(SolutionConfigurationPlatforms) = preSolution
		Debug|Any CPU = Debug|Any CPU
		Release|Any CPU = Release|Any CPU
	EndGlobalSection
	GlobalSection(ProjectConfigurationPlatforms) = postSolution
		{4842679A-0728-4BF8-9695-10F0C9434A49}.Debug|Any CPU.ActiveCfg = Debug|Any CPU
		{4842679A-0728-4BF8-9695-10F0C9434A49}.Debug|Any CPU.Build.0 = Debug|Any CPU
		{4842679A-0728-4BF8-9695-10F0C9434A49}.Release|Any CPU.ActiveCfg = Release|Any CPU
		{4842679A-0728-4BF8-9695-10F0C9434A49}.Release|Any CPU.Build.0 = Release|Any CPU
		{C60FAFD6-1541-477F-9272-03B0DEC20E77}.Debug|Any CPU.ActiveCfg = Debug|Any CPU
		{C60FAFD6-1541-477F-9272-03B0DEC20E77}.Debug|Any CPU.Build.0 = Debug|Any CPU
		{C60FAFD6-1541-477F-9272-03B0DEC20E77}.Release|Any CPU.ActiveCfg = Release|Any CPU
		{C60FAFD6-1541-477F-9272-03B0DEC20E77}.Release|Any CPU.Build.0 = Release|Any CPU
		{49E4750D-2707-48B6-AA9D-C02CB262ABFB}.Debug|Any CPU.ActiveCfg = Debug|Any CPU
		{49E4750D-2707-48B6-AA9D-C02CB262ABFB}.Debug|Any CPU.Build.0 = Debug|Any CPU
		{49E4750D-2707-48B6-AA9D-C02CB262ABFB}.Release|Any CPU.ActiveCfg = Release|Any CPU
		{49E4750D-2707-48B6-AA9D-C02CB262ABFB}.Release|Any CPU.Build.0 = Release|Any CPU
		{38D4EA7C-8A5B-46CF-A1D1-D3AA2B845738}.Debug|Any CPU.ActiveCfg = Debug|Any CPU
		{38D4EA7C-8A5B-46CF-A1D1-D3AA2B845738}.Debug|Any CPU.Build.0 = Debug|Any CPU
		{38D4EA7C-8A5B-46CF-A1D1-D3AA2B845738}.Release|Any CPU.ActiveCfg = Release|Any CPU
		{38D4EA7C-8A5B-46CF-A1D1-D3AA2B845738}.Release|Any CPU.Build.0 = Release|Any CPU
	EndGlobalSection
	GlobalSection(SolutionProperties) = preSolution
		HideSolutionNode = FALSE
	EndGlobalSection
EndGlobal
